
Microsoft Visual Studio Solution File, Format Version 12.00
# Visual Studio Version 17
VisualStudioVersion = 17.13.35818.85 d17.13
MinimumVisualStudioVersion = 10.0.40219.1
Project("{FAE04EC0-301F-11D3-BF4B-00C04F79EFBC}") = "AuthenticationService", "AuthenticationService\AuthenticationService.csproj", "{B3AD5951-C724-42DE-91DF-0FBB1AB8A7BA}"
EndProject
Project("{FAE04EC0-301F-11D3-BF4B-00C04F79EFBC}") = "ApiGateway", "ApiGateway\ApiGateway.csproj", "{90E565E2-E41A-4421-82CD-82C60711E8EE}"
EndProject
Project("{FAE04EC0-301F-11D3-BF4B-00C04F79EFBC}") = "PatientService", "PatientService\PatientService.csproj", "{45501176-01DC-405F-AA2F-F14E2459B5C3}"
EndProject
Global
	GlobalSection(SolutionConfigurationPlatforms) = preSolution
		Debug|Any CPU = Debug|Any CPU
		Release|Any CPU = Release|Any CPU
	EndGlobalSection
	GlobalSection(ProjectConfigurationPlatforms) = postSolution
		{B3AD5951-C724-42DE-91DF-0FBB1AB8A7BA}.Debug|Any CPU.ActiveCfg = Debug|Any CPU
		{B3AD5951-C724-42DE-91DF-0FBB1AB8A7BA}.Debug|Any CPU.Build.0 = Debug|Any CPU
		{B3AD5951-C724-42DE-91DF-0FBB1AB8A7BA}.Release|Any CPU.ActiveCfg = Release|Any CPU
		{B3AD5951-C724-42DE-91DF-0FBB1AB8A7BA}.Release|Any CPU.Build.0 = Release|Any CPU
		{90E565E2-E41A-4421-82CD-82C60711E8EE}.Debug|Any CPU.ActiveCfg = Debug|Any CPU
		{90E565E2-E41A-4421-82CD-82C60711E8EE}.Debug|Any CPU.Build.0 = Debug|Any CPU
		{90E565E2-E41A-4421-82CD-82C60711E8EE}.Release|Any CPU.ActiveCfg = Release|Any CPU
		{90E565E2-E41A-4421-82CD-82C60711E8EE}.Release|Any CPU.Build.0 = Release|Any CPU
		{45501176-01DC-405F-AA2F-F14E2459B5C3}.Debug|Any CPU.ActiveCfg = Debug|Any CPU
		{45501176-01DC-405F-AA2F-F14E2459B5C3}.Debug|Any CPU.Build.0 = Debug|Any CPU
		{45501176-01DC-405F-AA2F-F14E2459B5C3}.Release|Any CPU.ActiveCfg = Release|Any CPU
		{45501176-01DC-405F-AA2F-F14E2459B5C3}.Release|Any CPU.Build.0 = Release|Any CPU
	EndGlobalSection
	GlobalSection(SolutionProperties) = preSolution
		HideSolutionNode = FALSE
	EndGlobalSection
	GlobalSection(ExtensibilityGlobals) = postSolution
		SolutionGuid = {F8AF3E24-2AA6-48C9-8C91-00EB33136B0F}
	EndGlobalSection
EndGlobal
